// !$*UTF8*$!
{
	archiveVersion = 1;
	classes = {
	};
	objectVersion = 46;
	objects = {

/* Begin PBXBuildFile section */
		8292956C1AF88C8A00E57595 /* DraggableImageView.swift in Sources */ = {isa = PBXBuildFile; fileRef = 8292956B1AF88C8A00E57595 /* DraggableImageView.swift */; };
		8292956E1AF8A28100E57595 /* MyView.swift in Sources */ = {isa = PBXBuildFile; fileRef = 8292956D1AF8A28100E57595 /* MyView.swift */; };
		8292CE721AF5535600314696 /* AppDelegate.swift in Sources */ = {isa = PBXBuildFile; fileRef = 8292CE711AF5535600314696 /* AppDelegate.swift */; };
		8292CE771AF5535600314696 /* Main.storyboard in Resources */ = {isa = PBXBuildFile; fileRef = 8292CE751AF5535600314696 /* Main.storyboard */; };
		8292CE791AF5535600314696 /* Images.xcassets in Resources */ = {isa = PBXBuildFile; fileRef = 8292CE781AF5535600314696 /* Images.xcassets */; };
		8292CE7C1AF5535600314696 /* LaunchScreen.xib in Resources */ = {isa = PBXBuildFile; fileRef = 8292CE7A1AF5535600314696 /* LaunchScreen.xib */; };
		8292CE881AF5535600314696 /* stealthmarketerTests.swift in Sources */ = {isa = PBXBuildFile; fileRef = 8292CE871AF5535600314696 /* stealthmarketerTests.swift */; };
		8292CE921AF5546F00314696 /* HomeViewController.swift in Sources */ = {isa = PBXBuildFile; fileRef = 8292CE911AF5546F00314696 /* HomeViewController.swift */; };
		8292CE941AF55C1700314696 /* HashtagSelectionViewController.swift in Sources */ = {isa = PBXBuildFile; fileRef = 8292CE931AF55C1700314696 /* HashtagSelectionViewController.swift */; };
		8292CE961AF55CE400314696 /* PhotoEditingViewController.swift in Sources */ = {isa = PBXBuildFile; fileRef = 8292CE951AF55CE400314696 /* PhotoEditingViewController.swift */; };
/* End PBXBuildFile section */

/* Begin PBXContainerItemProxy section */
		8292CE821AF5535600314696 /* PBXContainerItemProxy */ = {
			isa = PBXContainerItemProxy;
			containerPortal = 8292CE641AF5535600314696 /* Project object */;
			proxyType = 1;
			remoteGlobalIDString = 8292CE6B1AF5535600314696;
			remoteInfo = stealthmarketer;
		};
/* End PBXContainerItemProxy section */

/* Begin PBXFileReference section */
		8292956B1AF88C8A00E57595 /* DraggableImageView.swift */ = {isa = PBXFileReference; fileEncoding = 4; lastKnownFileType = sourcecode.swift; path = DraggableImageView.swift; sourceTree = "<group>"; };
		8292956D1AF8A28100E57595 /* MyView.swift */ = {isa = PBXFileReference; fileEncoding = 4; lastKnownFileType = sourcecode.swift; path = MyView.swift; sourceTree = "<group>"; };
		8292CE6C1AF5535600314696 /* stealthmarketer.app */ = {isa = PBXFileReference; explicitFileType = wrapper.application; includeInIndex = 0; path = stealthmarketer.app; sourceTree = BUILT_PRODUCTS_DIR; };
		8292CE701AF5535600314696 /* Info.plist */ = {isa = PBXFileReference; lastKnownFileType = text.plist.xml; path = Info.plist; sourceTree = "<group>"; };
		8292CE711AF5535600314696 /* AppDelegate.swift */ = {isa = PBXFileReference; lastKnownFileType = sourcecode.swift; path = AppDelegate.swift; sourceTree = "<group>"; };
		8292CE761AF5535600314696 /* Base */ = {isa = PBXFileReference; lastKnownFileType = file.storyboard; name = Base; path = Base.lproj/Main.storyboard; sourceTree = "<group>"; };
		8292CE781AF5535600314696 /* Images.xcassets */ = {isa = PBXFileReference; lastKnownFileType = folder.assetcatalog; path = Images.xcassets; sourceTree = "<group>"; };
		8292CE7B1AF5535600314696 /* Base */ = {isa = PBXFileReference; lastKnownFileType = file.xib; name = Base; path = Base.lproj/LaunchScreen.xib; sourceTree = "<group>"; };
		8292CE811AF5535600314696 /* stealthmarketerTests.xctest */ = {isa = PBXFileReference; explicitFileType = wrapper.cfbundle; includeInIndex = 0; path = stealthmarketerTests.xctest; sourceTree = BUILT_PRODUCTS_DIR; };
		8292CE861AF5535600314696 /* Info.plist */ = {isa = PBXFileReference; lastKnownFileType = text.plist.xml; path = Info.plist; sourceTree = "<group>"; };
		8292CE871AF5535600314696 /* stealthmarketerTests.swift */ = {isa = PBXFileReference; lastKnownFileType = sourcecode.swift; path = stealthmarketerTests.swift; sourceTree = "<group>"; };
		8292CE911AF5546F00314696 /* HomeViewController.swift */ = {isa = PBXFileReference; fileEncoding = 4; lastKnownFileType = sourcecode.swift; path = HomeViewController.swift; sourceTree = "<group>"; };
		8292CE931AF55C1700314696 /* HashtagSelectionViewController.swift */ = {isa = PBXFileReference; fileEncoding = 4; lastKnownFileType = sourcecode.swift; path = HashtagSelectionViewController.swift; sourceTree = "<group>"; };
		8292CE951AF55CE400314696 /* PhotoEditingViewController.swift */ = {isa = PBXFileReference; fileEncoding = 4; lastKnownFileType = sourcecode.swift; path = PhotoEditingViewController.swift; sourceTree = "<group>"; };
/* End PBXFileReference section */

/* Begin PBXFrameworksBuildPhase section */
		8292CE691AF5535600314696 /* Frameworks */ = {
			isa = PBXFrameworksBuildPhase;
			buildActionMask = 2147483647;
			files = (
			);
			runOnlyForDeploymentPostprocessing = 0;
		};
		8292CE7E1AF5535600314696 /* Frameworks */ = {
			isa = PBXFrameworksBuildPhase;
			buildActionMask = 2147483647;
			files = (
			);
			runOnlyForDeploymentPostprocessing = 0;
		};
/* End PBXFrameworksBuildPhase section */

/* Begin PBXGroup section */
		8292CE631AF5535600314696 = {
			isa = PBXGroup;
			children = (
				8292CE6E1AF5535600314696 /* stealthmarketer */,
				8292CE841AF5535600314696 /* stealthmarketerTests */,
				8292CE6D1AF5535600314696 /* Products */,
			);
			sourceTree = "<group>";
		};
		8292CE6D1AF5535600314696 /* Products */ = {
			isa = PBXGroup;
			children = (
				8292CE6C1AF5535600314696 /* stealthmarketer.app */,
				8292CE811AF5535600314696 /* stealthmarketerTests.xctest */,
			);
			name = Products;
			sourceTree = "<group>";
		};
		8292CE6E1AF5535600314696 /* stealthmarketer */ = {
			isa = PBXGroup;
			children = (
				8292CE711AF5535600314696 /* AppDelegate.swift */,
				8292CE751AF5535600314696 /* Main.storyboard */,
				8292956B1AF88C8A00E57595 /* DraggableImageView.swift */,
				8292CE931AF55C1700314696 /* HashtagSelectionViewController.swift */,
				8292CE951AF55CE400314696 /* PhotoEditingViewController.swift */,
				8292CE911AF5546F00314696 /* HomeViewController.swift */,
				8292CE781AF5535600314696 /* Images.xcassets */,
				8292CE7A1AF5535600314696 /* LaunchScreen.xib */,
				8292CE6F1AF5535600314696 /* Supporting Files */,
			);
			path = stealthmarketer;
			sourceTree = "<group>";
		};
		8292CE6F1AF5535600314696 /* Supporting Files */ = {
			isa = PBXGroup;
			children = (
				8292956D1AF8A28100E57595 /* MyView.swift */,
				8292CE701AF5535600314696 /* Info.plist */,
			);
			name = "Supporting Files";
			sourceTree = "<group>";
		};
		8292CE841AF5535600314696 /* stealthmarketerTests */ = {
			isa = PBXGroup;
			children = (
				8292CE871AF5535600314696 /* stealthmarketerTests.swift */,
				8292CE851AF5535600314696 /* Supporting Files */,
			);
			path = stealthmarketerTests;
			sourceTree = "<group>";
		};
		8292CE851AF5535600314696 /* Supporting Files */ = {
			isa = PBXGroup;
			children = (
				8292CE861AF5535600314696 /* Info.plist */,
			);
			name = "Supporting Files";
			sourceTree = "<group>";
		};
/* End PBXGroup section */

/* Begin PBXNativeTarget section */
		8292CE6B1AF5535600314696 /* stealthmarketer */ = {
			isa = PBXNativeTarget;
			buildConfigurationList = 8292CE8B1AF5535600314696 /* Build configuration list for PBXNativeTarget "stealthmarketer" */;
			buildPhases = (
				8292CE681AF5535600314696 /* Sources */,
				8292CE691AF5535600314696 /* Frameworks */,
				8292CE6A1AF5535600314696 /* Resources */,
			);
			buildRules = (
			);
			dependencies = (
			);
			name = stealthmarketer;
			productName = stealthmarketer;
			productReference = 8292CE6C1AF5535600314696 /* stealthmarketer.app */;
			productType = "com.apple.product-type.application";
		};
		8292CE801AF5535600314696 /* stealthmarketerTests */ = {
			isa = PBXNativeTarget;
			buildConfigurationList = 8292CE8E1AF5535600314696 /* Build configuration list for PBXNativeTarget "stealthmarketerTests" */;
			buildPhases = (
				8292CE7D1AF5535600314696 /* Sources */,
				8292CE7E1AF5535600314696 /* Frameworks */,
				8292CE7F1AF5535600314696 /* Resources */,
			);
			buildRules = (
			);
			dependencies = (
				8292CE831AF5535600314696 /* PBXTargetDependency */,
			);
			name = stealthmarketerTests;
			productName = stealthmarketerTests;
			productReference = 8292CE811AF5535600314696 /* stealthmarketerTests.xctest */;
			productType = "com.apple.product-type.bundle.unit-test";
		};
/* End PBXNativeTarget section */

/* Begin PBXProject section */
		8292CE641AF5535600314696 /* Project object */ = {
			isa = PBXProject;
			attributes = {
				LastUpgradeCheck = 0630;
				ORGANIZATIONNAME = tobymuresianu;
				TargetAttributes = {
					8292CE6B1AF5535600314696 = {
						CreatedOnToolsVersion = 6.3.1;
					};
					8292CE801AF5535600314696 = {
						CreatedOnToolsVersion = 6.3.1;
						TestTargetID = 8292CE6B1AF5535600314696;
					};
				};
			};
			buildConfigurationList = 8292CE671AF5535600314696 /* Build configuration list for PBXProject "stealthmarketer" */;
			compatibilityVersion = "Xcode 3.2";
			developmentRegion = English;
			hasScannedForEncodings = 0;
			knownRegions = (
				en,
				Base,
			);
			mainGroup = 8292CE631AF5535600314696;
			productRefGroup = 8292CE6D1AF5535600314696 /* Products */;
			projectDirPath = "";
			projectRoot = "";
			targets = (
				8292CE6B1AF5535600314696 /* stealthmarketer */,
				8292CE801AF5535600314696 /* stealthmarketerTests */,
			);
		};
/* End PBXProject section */

/* Begin PBXResourcesBuildPhase section */
		8292CE6A1AF5535600314696 /* Resources */ = {
			isa = PBXResourcesBuildPhase;
			buildActionMask = 2147483647;
			files = (
				8292CE771AF5535600314696 /* Main.storyboard in Resources */,
				8292CE7C1AF5535600314696 /* LaunchScreen.xib in Resources */,
				8292CE791AF5535600314696 /* Images.xcassets in Resources */,
			);
			runOnlyForDeploymentPostprocessing = 0;
		};
		8292CE7F1AF5535600314696 /* Resources */ = {
			isa = PBXResourcesBuildPhase;
			buildActionMask = 2147483647;
			files = (
			);
			runOnlyForDeploymentPostprocessing = 0;
		};
/* End PBXResourcesBuildPhase section */

/* Begin PBXSourcesBuildPhase section */
		8292CE681AF5535600314696 /* Sources */ = {
			isa = PBXSourcesBuildPhase;
			buildActionMask = 2147483647;
			files = (
				8292956E1AF8A28100E57595 /* MyView.swift in Sources */,
				8292CE941AF55C1700314696 /* HashtagSelectionViewController.swift in Sources */,
				8292956C1AF88C8A00E57595 /* DraggableImageView.swift in Sources */,
				8292CE961AF55CE400314696 /* PhotoEditingViewController.swift in Sources */,
				8292CE721AF5535600314696 /* AppDelegate.swift in Sources */,
				8292CE921AF5546F00314696 /* HomeViewController.swift in Sources */,
			);
			runOnlyForDeploymentPostprocessing = 0;
		};
		8292CE7D1AF5535600314696 /* Sources */ = {
			isa = PBXSourcesBuildPhase;
			buildActionMask = 2147483647;
			files = (
				8292CE881AF5535600314696 /* stealthmarketerTests.swift in Sources */,
			);
			runOnlyForDeploymentPostprocessing = 0;
		};
/* End PBXSourcesBuildPhase section */

/* Begin PBXTargetDependency section */
		8292CE831AF5535600314696 /* PBXTargetDependency */ = {
			isa = PBXTargetDependency;
			target = 8292CE6B1AF5535600314696 /* stealthmarketer */;
			targetProxy = 8292CE821AF5535600314696 /* PBXContainerItemProxy */;
		};
/* End PBXTargetDependency section */

/* Begin PBXVariantGroup section */
		8292CE751AF5535600314696 /* Main.storyboard */ = {
			isa = PBXVariantGroup;
			children = (
				8292CE761AF5535600314696 /* Base */,
			);
			name = Main.storyboard;
			sourceTree = "<group>";
		};
		8292CE7A1AF5535600314696 /* LaunchScreen.xib */ = {
			isa = PBXVariantGroup;
			children = (
				8292CE7B1AF5535600314696 /* Base */,
			);
			name = LaunchScreen.xib;
			sourceTree = "<group>";
		};
/* End PBXVariantGroup section */

/* Begin XCBuildConfiguration section */
		8292CE891AF5535600314696 /* Debug */ = {
			isa = XCBuildConfiguration;
			buildSettings = {
				ALWAYS_SEARCH_USER_PATHS = NO;
				CLANG_CXX_LANGUAGE_STANDARD = "gnu++0x";
				CLANG_CXX_LIBRARY = "libc++";
				CLANG_ENABLE_MODULES = YES;
				CLANG_ENABLE_OBJC_ARC = YES;
				CLANG_WARN_BOOL_CONVERSION = YES;
				CLANG_WARN_CONSTANT_CONVERSION = YES;
				CLANG_WARN_DIRECT_OBJC_ISA_USAGE = YES_ERROR;
				CLANG_WARN_EMPTY_BODY = YES;
				CLANG_WARN_ENUM_CONVERSION = YES;
				CLANG_WARN_INT_CONVERSION = YES;
				CLANG_WARN_OBJC_ROOT_CLASS = YES_ERROR;
				CLANG_WARN_UNREACHABLE_CODE = YES;
				CLANG_WARN__DUPLICATE_METHOD_MATCH = YES;
				"CODE_SIGN_IDENTITY[sdk=iphoneos*]" = "iPhone Developer";
				COPY_PHASE_STRIP = NO;
				DEBUG_INFORMATION_FORMAT = "dwarf-with-dsym";
				ENABLE_STRICT_OBJC_MSGSEND = YES;
				GCC_C_LANGUAGE_STANDARD = gnu99;
				GCC_DYNAMIC_NO_PIC = NO;
				GCC_NO_COMMON_BLOCKS = YES;
				GCC_OPTIMIZATION_LEVEL = 0;
				GCC_PREPROCESSOR_DEFINITIONS = (
					"DEBUG=1",
					"$(inherited)",
				);
				GCC_SYMBOLS_PRIVATE_EXTERN = NO;
				GCC_WARN_64_TO_32_BIT_CONVERSION = YES;
				GCC_WARN_ABOUT_RETURN_TYPE = YES_ERROR;
				GCC_WARN_UNDECLARED_SELECTOR = YES;
				GCC_WARN_UNINITIALIZED_AUTOS = YES_AGGRESSIVE;
				GCC_WARN_UNUSED_FUNCTION = YES;
				GCC_WARN_UNUSED_VARIABLE = YES;
				IPHONEOS_DEPLOYMENT_TARGET = 8.3;
				MTL_ENABLE_DEBUG_INFO = YES;
				ONLY_ACTIVE_ARCH = YES;
				SDKROOT = iphoneos;
				SWIFT_OPTIMIZATION_LEVEL = "-Onone";
				TARGETED_DEVICE_FAMILY = "1,2";
			};
			name = Debug;
		};
		8292CE8A1AF5535600314696 /* Release */ = {
			isa = XCBuildConfiguration;
			buildSettings = {
				ALWAYS_SEARCH_USER_PATHS = NO;
				CLANG_CXX_LANGUAGE_STANDARD = "gnu++0x";
				CLANG_CXX_LIBRARY = "libc++";
				CLANG_ENABLE_MODULES = YES;
				CLANG_ENABLE_OBJC_ARC = YES;
				CLANG_WARN_BOOL_CONVERSION = YES;
				CLANG_WARN_CONSTANT_CONVERSION = YES;
				CLANG_WARN_DIRECT_OBJC_ISA_USAGE = YES_ERROR;
				CLANG_WARN_EMPTY_BODY = YES;
				CLANG_WARN_ENUM_CONVERSION = YES;
				CLANG_WARN_INT_CONVERSION = YES;
				CLANG_WARN_OBJC_ROOT_CLASS = YES_ERROR;
				CLANG_WARN_UNREACHABLE_CODE = YES;
				CLANG_WARN__DUPLICATE_METHOD_MATCH = YES;
				"CODE_SIGN_IDENTITY[sdk=iphoneos*]" = "iPhone Developer";
				COPY_PHASE_STRIP = NO;
				DEBUG_INFORMATION_FORMAT = "dwarf-with-dsym";
				ENABLE_NS_ASSERTIONS = NO;
				ENABLE_STRICT_OBJC_MSGSEND = YES;
				GCC_C_LANGUAGE_STANDARD = gnu99;
				GCC_NO_COMMON_BLOCKS = YES;
				GCC_WARN_64_TO_32_BIT_CONVERSION = YES;
				GCC_WARN_ABOUT_RETURN_TYPE = YES_ERROR;
				GCC_WARN_UNDECLARED_SELECTOR = YES;
				GCC_WARN_UNINITIALIZED_AUTOS = YES_AGGRESSIVE;
				GCC_WARN_UNUSED_FUNCTION = YES;
				GCC_WARN_UNUSED_VARIABLE = YES;
				IPHONEOS_DEPLOYMENT_TARGET = 8.3;
				MTL_ENABLE_DEBUG_INFO = NO;
				SDKROOT = iphoneos;
				TARGETED_DEVICE_FAMILY = "1,2";
				VALIDATE_PRODUCT = YES;
			};
			name = Release;
		};
		8292CE8C1AF5535600314696 /* Debug */ = {
			isa = XCBuildConfiguration;
			buildSettings = {
				ASSETCATALOG_COMPILER_APPICON_NAME = AppIcon;
				INFOPLIST_FILE = stealthmarketer/Info.plist;
				LD_RUNPATH_SEARCH_PATHS = "$(inherited) @executable_path/Frameworks";
				PRODUCT_NAME = "$(TARGET_NAME)";
			};
			name = Debug;
		};
		8292CE8D1AF5535600314696 /* Release */ = {
			isa = XCBuildConfiguration;
			buildSettings = {
				ASSETCATALOG_COMPILER_APPICON_NAME = AppIcon;
				INFOPLIST_FILE = stealthmarketer/Info.plist;
				LD_RUNPATH_SEARCH_PATHS = "$(inherited) @executable_path/Frameworks";
				PRODUCT_NAME = "$(TARGET_NAME)";
			};
			name = Release;
		};
		8292CE8F1AF5535600314696 /* Debug */ = {
			isa = XCBuildConfiguration;
			buildSettings = {
				BUNDLE_LOADER = "$(TEST_HOST)";
				FRAMEWORK_SEARCH_PATHS = (
					"$(SDKROOT)/Developer/Library/Frameworks",
					"$(inherited)",
				);
				GCC_PREPROCESSOR_DEFINITIONS = (
					"DEBUG=1",
					"$(inherited)",
				);
				INFOPLIST_FILE = stealthmarketerTests/Info.plist;
				LD_RUNPATH_SEARCH_PATHS = "$(inherited) @executable_path/Frameworks @loader_path/Frameworks";
				PRODUCT_NAME = "$(TARGET_NAME)";
				TEST_HOST = "$(BUILT_PRODUCTS_DIR)/stealthmarketer.app/stealthmarketer";
			};
			name = Debug;
		};
		8292CE901AF5535600314696 /* Release */ = {
			isa = XCBuildConfiguration;
			buildSettings = {
				BUNDLE_LOADER = "$(TEST_HOST)";
				FRAMEWORK_SEARCH_PATHS = (
					"$(SDKROOT)/Developer/Library/Frameworks",
					"$(inherited)",
				);
				INFOPLIST_FILE = stealthmarketerTests/Info.plist;
				LD_RUNPATH_SEARCH_PATHS = "$(inherited) @executable_path/Frameworks @loader_path/Frameworks";
				PRODUCT_NAME = "$(TARGET_NAME)";
				TEST_HOST = "$(BUILT_PRODUCTS_DIR)/stealthmarketer.app/stealthmarketer";
			};
			name = Release;
		};
/* End XCBuildConfiguration section */

/* Begin XCConfigurationList section */
		8292CE671AF5535600314696 /* Build configuration list for PBXProject "stealthmarketer" */ = {
			isa = XCConfigurationList;
			buildConfigurations = (
				8292CE891AF5535600314696 /* Debug */,
				8292CE8A1AF5535600314696 /* Release */,
			);
			defaultConfigurationIsVisible = 0;
			defaultConfigurationName = Release;
		};
		8292CE8B1AF5535600314696 /* Build configuration list for PBXNativeTarget "stealthmarketer" */ = {
			isa = XCConfigurationList;
			buildConfigurations = (
				8292CE8C1AF5535600314696 /* Debug */,
				8292CE8D1AF5535600314696 /* Release */,
			);
			defaultConfigurationIsVisible = 0;
			defaultConfigurationName = Release;
		};
		8292CE8E1AF5535600314696 /* Build configuration list for PBXNativeTarget "stealthmarketerTests" */ = {
			isa = XCConfigurationList;
			buildConfigurations = (
				8292CE8F1AF5535600314696 /* Debug */,
				8292CE901AF5535600314696 /* Release */,
			);
			defaultConfigurationIsVisible = 0;
			defaultConfigurationName = Release;
		};
/* End XCConfigurationList section */
	};
	rootObject = 8292CE641AF5535600314696 /* Project object */;
}
